---
path: ".gem_rbs_collection"
gems:
- name: addressable
  version: '2.8'
  source:
    type: git
    name: ruby/gem_rbs_collection
    revision: adf714d4ee13c7be91a3605adf28c9fe674ca9e0
    remote: https://github.com/ruby/gem_rbs_collection.git
    repo_dir: gems
- name: baran
  version: 0.1.10
  source:
    type: rubygems
- name: faraday
  version: '2.5'
  source:
    type: git
    name: ruby/gem_rbs_collection
    revision: adf714d4ee13c7be91a3605adf28c9fe674ca9e0
    remote: https://github.com/ruby/gem_rbs_collection.git
    repo_dir: gems
- name: forwardable
  version: '0'
  source:
    type: stdlib
- name: net-http
  version: '0'
  source:
    type: stdlib
- name: net-protocol
  version: '0'
  source:
    type: stdlib
- name: tiktoken_ruby
  version: 0.0.6
  source:
    type: rubygems
- name: timeout
  version: '0'
  source:
    type: stdlib
- name: uri
  version: '0'
  source:
    type: stdlib
gemfile_lock_path: Gemfile.lock
