---
path: ".gem_rbs_collection"
gems:
- name: activesupport
  version: '7.0'
  source:
    type: git
    name: ruby/gem_rbs_collection
    revision: ec140aff951e3af39846eed4525ba5d040d294fa
    remote: https://github.com/ruby/gem_rbs_collection.git
    repo_dir: gems
- name: addressable
  version: '2.8'
  source:
    type: git
    name: ruby/gem_rbs_collection
    revision: ec140aff951e3af39846eed4525ba5d040d294fa
    remote: https://github.com/ruby/gem_rbs_collection.git
    repo_dir: gems
- name: ast
  version: '2.4'
  source:
    type: git
    name: ruby/gem_rbs_collection
    revision: ec140aff951e3af39846eed4525ba5d040d294fa
    remote: https://github.com/ruby/gem_rbs_collection.git
    repo_dir: gems
- name: baran
  version: 0.1.10
  source:
    type: rubygems
- name: base64
  version: '0'
  source:
    type: stdlib
- name: bigdecimal
  version: '0'
  source:
    type: stdlib
- name: concurrent-ruby
  version: '1.1'
  source:
    type: git
    name: ruby/gem_rbs_collection
    revision: ec140aff951e3af39846eed4525ba5d040d294fa
    remote: https://github.com/ruby/gem_rbs_collection.git
    repo_dir: gems
- name: connection_pool
  version: '2.4'
  source:
    type: git
    name: ruby/gem_rbs_collection
    revision: ec140aff951e3af39846eed4525ba5d040d294fa
    remote: https://github.com/ruby/gem_rbs_collection.git
    repo_dir: gems
- name: date
  version: '0'
  source:
    type: stdlib
- name: erb
  version: '0'
  source:
    type: stdlib
- name: faraday
  version: '2.5'
  source:
    type: git
    name: ruby/gem_rbs_collection
    revision: ec140aff951e3af39846eed4525ba5d040d294fa
    remote: https://github.com/ruby/gem_rbs_collection.git
    repo_dir: gems
- name: fileutils
  version: '0'
  source:
    type: stdlib
- name: forwardable
  version: '0'
  source:
    type: stdlib
- name: i18n
  version: '1.10'
  source:
    type: git
    name: ruby/gem_rbs_collection
    revision: ec140aff951e3af39846eed4525ba5d040d294fa
    remote: https://github.com/ruby/gem_rbs_collection.git
    repo_dir: gems
- name: json
  version: '0'
  source:
    type: stdlib
- name: logger
  version: '0'
  source:
    type: stdlib
- name: minitest
  version: '0'
  source:
    type: stdlib
- name: monitor
  version: '0'
  source:
    type: stdlib
- name: mutex_m
  version: '0'
  source:
    type: stdlib
- name: parallel
  version: '1.20'
  source:
    type: git
    name: ruby/gem_rbs_collection
    revision: ec140aff951e3af39846eed4525ba5d040d294fa
    remote: https://github.com/ruby/gem_rbs_collection.git
    repo_dir: gems
- name: parser
  version: '3.2'
  source:
    type: git
    name: ruby/gem_rbs_collection
    revision: ec140aff951e3af39846eed4525ba5d040d294fa
    remote: https://github.com/ruby/gem_rbs_collection.git
    repo_dir: gems
- name: rainbow
  version: '3.0'
  source:
    type: git
    name: ruby/gem_rbs_collection
    revision: ec140aff951e3af39846eed4525ba5d040d294fa
    remote: https://github.com/ruby/gem_rbs_collection.git
    repo_dir: gems
- name: rake
  version: '13.0'
  source:
    type: git
    name: ruby/gem_rbs_collection
    revision: ec140aff951e3af39846eed4525ba5d040d294fa
    remote: https://github.com/ruby/gem_rbs_collection.git
    repo_dir: gems
- name: regexp_parser
  version: '2.8'
  source:
    type: git
    name: ruby/gem_rbs_collection
    revision: ec140aff951e3af39846eed4525ba5d040d294fa
    remote: https://github.com/ruby/gem_rbs_collection.git
    repo_dir: gems
- name: rubocop
  version: '1.57'
  source:
    type: git
    name: ruby/gem_rbs_collection
    revision: ec140aff951e3af39846eed4525ba5d040d294fa
    remote: https://github.com/ruby/gem_rbs_collection.git
    repo_dir: gems
- name: rubocop-ast
  version: '1.30'
  source:
    type: git
    name: ruby/gem_rbs_collection
    revision: ec140aff951e3af39846eed4525ba5d040d294fa
    remote: https://github.com/ruby/gem_rbs_collection.git
    repo_dir: gems
- name: securerandom
  version: '0'
  source:
    type: stdlib
- name: singleton
  version: '0'
  source:
    type: stdlib
- name: tiktoken_ruby
  version: 0.0.6
  source:
    type: rubygems
- name: time
  version: '0'
  source:
    type: stdlib
- name: timeout
  version: '0'
  source:
    type: stdlib
- name: uri
  version: '0'
  source:
    type: stdlib
gemfile_lock_path: Gemfile.lock
